{
  "originHash" : "8ea2f3809a262b85e085d2380912edab5ef5af6474a55f1a16eb4a93577e5483",
  "pins" : [
    {
      "identity" : "elementary",
      "kind" : "remoteSourceControl",
      "location" : "https://github.com/elementary-swift/elementary",
      "state" : {
        "revision" : "b0ff5d1353308a1aead140dfed4ad4fcb4455008",
        "version" : "0.8.0"
      }
    },
    {
      "identity" : "elementary-ui",
      "kind" : "remoteSourceControl",
      "location" : "https://github.com/elementary-swift/elementary-ui.git",
      "state" : {
        "revision" : "91fe191af532ea29c0f3330f0a2ad07eba1b1b76",
        "version" : "0.5.0"
      }
    },
    {
      "identity" : "javascriptkit",
      "kind" : "remoteSourceControl",
      "location" : "https://github.com/swiftwasm/JavaScriptKit",
      "state" : {
        "revision" : "22905075f8b61834810babe5fb9a2f613f22f398",
        "version" : "0.56.1"
      }
    },
    {
      "identity" : "swift-collections",
      "kind" : "remoteSourceControl",
      "location" : "https://github.com/apple/swift-collections",
      "state" : {
        "revision" : "a0cb0954ecb21e4e31b0070e6ed5674e8556685a",
        "version" : "1.6.0"
      }
    },
    {
      "identity" : "swift-syntax",
      "kind" : "remoteSourceControl",
      "location" : "https://github.com/swiftlang/swift-syntax",
      "state" : {
        "revision" : "79e4b74a295b6eb74a8b585e3a39d29e70c1dbd1",
        "version" : "603.0.2"
      }
    }
  ],
  "version" : 3
}
